PODS:
  - Flutter (1.0.0)
  - flutter_tts_improved (0.0.1):
    - Flutter

DEPENDENCIES:
  - Flutter (from `.symlinks/flutter/ios`)
  - flutter_tts_improved (from `.symlinks/plugins/flutter_tts_improved/ios`)

EXTERNAL SOURCES:
  Flutter:
    :path: ".symlinks/flutter/ios"
  flutter_tts_improved:
    :path: ".symlinks/plugins/flutter_tts_improved/ios"

SPEC CHECKSUMS:
  Flutter: 0e3d915762c693b495b44d77113d4970485de6ec
  flutter_tts_improved: 53fd47d204d6ef2ad5a9a8d9d4837a726fc9bf46

PODFILE CHECKSUM: 10ae9c18d12c9ffc2275c9a159a3b1e281990db0

COCOAPODS: 1.8.3
